
Microsoft Visual Studio Solution File, Format Version 12.00
# Visual Studio Version 16
VisualStudioVersion = 16.0.31105.61
MinimumVisualStudioVersion = 10.0.40219.1
Project("{FAE04EC0-301F-11D3-BF4B-00C04F79EFBC}") = "ExceptionHandlingFundamentals", "ExceptionHandlingFundamentals\ExceptionHandlingFundamentals.csproj", "{B9CCE770-FD06-4A17-8D35-2B4EA0D18768}"
EndProject
Project("{FAE04EC0-301F-11D3-BF4B-00C04F79EFBC}") = "FileHandlingConcepts", "FileHandlingConcepts\FileHandlingConcepts.csproj", "{AF4B7753-336E-4F81-BD0D-5F92E5AF1CEC}"
EndProject
Global
	GlobalSection(SolutionConfigurationPlatforms) = preSolution
		Debug|Any CPU = Debug|Any CPU
		Release|Any CPU = Release|Any CPU
	EndGlobalSection
	GlobalSection(ProjectConfigurationPlatforms) = postSolution
		{B9CCE770-FD06-4A17-8D35-2B4EA0D18768}.Debug|Any CPU.ActiveCfg = Debug|Any CPU
		{B9CCE770-FD06-4A17-8D35-2B4EA0D18768}.Debug|Any CPU.Build.0 = Debug|Any CPU
		{B9CCE770-FD06-4A17-8D35-2B4EA0D18768}.Release|Any CPU.ActiveCfg = Release|Any CPU
		{B9CCE770-FD06-4A17-8D35-2B4EA0D18768}.Release|Any CPU.Build.0 = Release|Any CPU
		{AF4B7753-336E-4F81-BD0D-5F92E5AF1CEC}.Debug|Any CPU.ActiveCfg = Debug|Any CPU
		{AF4B7753-336E-4F81-BD0D-5F92E5AF1CEC}.Debug|Any CPU.Build.0 = Debug|Any CPU
		{AF4B7753-336E-4F81-BD0D-5F92E5AF1CEC}.Release|Any CPU.ActiveCfg = Release|Any CPU
		{AF4B7753-336E-4F81-BD0D-5F92E5AF1CEC}.Release|Any CPU.Build.0 = Release|Any CPU
	EndGlobalSection
	GlobalSection(SolutionProperties) = preSolution
		HideSolutionNode = FALSE
	EndGlobalSection
	GlobalSection(ExtensibilityGlobals) = postSolution
		SolutionGuid = {3C320E76-B854-4B40-A852-E9D349AC97D0}
	EndGlobalSection
EndGlobal
